
Microsoft Visual Studio Solution File, Format Version 12.00
# Visual Studio Version 16
VisualStudioVersion = 16.0.31729.503
MinimumVisualStudioVersion = 10.0.40219.1
Project("{FAE04EC0-301F-11D3-BF4B-00C04F79EFBC}") = "Demineur", "Demineur.csproj", "{1C40312E-0348-4C56-A893-74FD6C0E27AA}"
EndProject
Global
	GlobalSection(SolutionConfigurationPlatforms) = preSolution
		Debug|Any CPU = Debug|Any CPU
		Release|Any CPU = Release|Any CPU
	EndGlobalSection
	GlobalSection(ProjectConfigurationPlatforms) = postSolution
		{1C40312E-0348-4C56-A893-74FD6C0E27AA}.Debug|Any CPU.ActiveCfg = Debug|Any CPU
		{1C40312E-0348-4C56-A893-74FD6C0E27AA}.Debug|Any CPU.Build.0 = Debug|Any CPU
		{1C40312E-0348-4C56-A893-74FD6C0E27AA}.Release|Any CPU.ActiveCfg = Release|Any CPU
		{1C40312E-0348-4C56-A893-74FD6C0E27AA}.Release|Any CPU.Build.0 = Release|Any CPU
	EndGlobalSection
	GlobalSection(SolutionProperties) = preSolution
		HideSolutionNode = FALSE
	EndGlobalSection
	GlobalSection(ExtensibilityGlobals) = postSolution
		SolutionGuid = {B2147EFE-1458-4660-B600-25F8BD6C2520}
	EndGlobalSection
EndGlobal
